
Microsoft Visual Studio Solution File, Format Version 12.00
# Visual Studio 14
VisualStudioVersion = 14.0.25420.1
MinimumVisualStudioVersion = 10.0.40219.1
Project("{FAE04EC0-301F-11D3-BF4B-00C04F79EFBC}") = "TravelAdvisor", "TravelAdvisor\TravelAdvisor.csproj", "{029F900B-736B-44AA-A727-78D239728F5B}"
EndProject
Global
	GlobalSection(SolutionConfigurationPlatforms) = preSolution
		Debug|Any CPU = Debug|Any CPU
		Release|Any CPU = Release|Any CPU
	EndGlobalSection
	GlobalSection(ProjectConfigurationPlatforms) = postSolution
		{029F900B-736B-44AA-A727-78D239728F5B}.Debug|Any CPU.ActiveCfg = Debug|Any CPU
		{029F900B-736B-44AA-A727-78D239728F5B}.Debug|Any CPU.Build.0 = Debug|Any CPU
		{029F900B-736B-44AA-A727-78D239728F5B}.Release|Any CPU.ActiveCfg = Release|Any CPU
		{029F900B-736B-44AA-A727-78D239728F5B}.Release|Any CPU.Build.0 = Release|Any CPU
	EndGlobalSection
	GlobalSection(SolutionProperties) = preSolution
		HideSolutionNode = FALSE
	EndGlobalSection
EndGlobal
